{
  "version": "4",
  "specifiers": {
    "jsr:@std/assert@1.0.6": "1.0.6",
    "jsr:@std/internal@^1.0.4": "1.0.4"
  },
  "jsr": {
    "@std/assert@1.0.6": {
      "integrity": "1904c05806a25d94fe791d6d883b685c9e2dcd60e4f9fc30f4fc5cf010c72207",
      "dependencies": [
        "jsr:@std/internal"
      ]
    },
    "@std/internal@1.0.4": {
      "integrity": "62e8e4911527e5e4f307741a795c0b0a9e6958d0b3790716ae71ce085f755422"
    }
  },
  "remote": {
    "https://raw.githubusercontent.com/i-xi-dev/type.es/1.3.0/mod.ts": "6f2b659861b9f75396e6ea3f908dd44fcf5f8a93aac5782ccd7cc2b022525032",
    "https://raw.githubusercontent.com/i-xi-dev/type.es/1.3.0/src/bigint.ts": "9bbdb03d0c455d466ffc1539c19f894b49fa495dea62d19d76293eda67d17227",
    "https://raw.githubusercontent.com/i-xi-dev/type.es/1.3.0/src/number.ts": "64e92fa93a6224aec5fe303adff79b6dab2d8ec2b9567fc2d8439fe62800d6f7",
    "https://raw.githubusercontent.com/i-xi-dev/type.es/1.3.0/src/string.ts": "f7ca76d4791be1208dbbaccb09b1e5e11ccdb7b94a9e441ca29c03d4ddd8e6e0"
  }
}
