{
  "version": "4",
  "specifiers": {
    "jsr:@std/assert@1.0.6": "1.0.6",
    "jsr:@std/internal@^1.0.4": "1.0.4"
  },
  "jsr": {
    "@std/assert@1.0.6": {
      "integrity": "1904c05806a25d94fe791d6d883b685c9e2dcd60e4f9fc30f4fc5cf010c72207",
      "dependencies": [
        "jsr:@std/internal"
      ]
    },
    "@std/internal@1.0.4": {
      "integrity": "62e8e4911527e5e4f307741a795c0b0a9e6958d0b3790716ae71ce085f755422"
    }
  },
  "remote": {
    "https://raw.githubusercontent.com/i-xi-dev/type.es/1.1.0/mod.ts": "6f2b659861b9f75396e6ea3f908dd44fcf5f8a93aac5782ccd7cc2b022525032",
    "https://raw.githubusercontent.com/i-xi-dev/type.es/1.1.0/src/bigint.ts": "fe75cb5c4eae422a375bf9dbccad4b283b3f9d93c92c81a9023b1f8fd0e5cd31",
    "https://raw.githubusercontent.com/i-xi-dev/type.es/1.1.0/src/number.ts": "b886b5880bbdabff9b987f52f2c50b24eef13c0048d92ee8d3f72ad692415481",
    "https://raw.githubusercontent.com/i-xi-dev/type.es/1.1.0/src/string.ts": "f7ca76d4791be1208dbbaccb09b1e5e11ccdb7b94a9e441ca29c03d4ddd8e6e0"
  }
}
